
Microsoft Visual Studio Solution File, Format Version 12.00
# Visual Studio Version 16
VisualStudioVersion = 16.0.29409.12
MinimumVisualStudioVersion = 10.0.40219.1
Project("{FAE04EC0-301F-11D3-BF4B-00C04F79EFBC}") = "TwitchBot", "TwitchBot\TwitchBot.csproj", "{8AFAE9AC-93F0-4FBA-844A-4CA55D570948}"
EndProject
Project("{9A19103F-16F7-4668-BE54-9A1E7A4F7556}") = "TwitchBotApi", "TwitchBotApi\TwitchBotApi.csproj", "{B42D2C50-5D28-43C9-BAB2-7EC1DF6096ED}"
EndProject
Project("{9A19103F-16F7-4668-BE54-9A1E7A4F7556}") = "TwitchBotDb", "TwitchBotDb\TwitchBotDb.csproj", "{069BC4AA-B2EA-4400-BCDE-8A6AC793DA33}"
EndProject
Project("{9A19103F-16F7-4668-BE54-9A1E7A4F7556}") = "TwitchBotUtil", "TwitchBotUtil\TwitchBotUtil.csproj", "{7633DB4D-C143-46A8-9B3E-6D4063D08831}"
EndProject
Global
	GlobalSection(SolutionConfigurationPlatforms) = preSolution
		Debug|x64 = Debug|x64
		Release|x64 = Release|x64
	EndGlobalSection
	GlobalSection(ProjectConfigurationPlatforms) = postSolution
		{8AFAE9AC-93F0-4FBA-844A-4CA55D570948}.Debug|x64.ActiveCfg = Debug|x64
		{8AFAE9AC-93F0-4FBA-844A-4CA55D570948}.Debug|x64.Build.0 = Debug|x64
		{8AFAE9AC-93F0-4FBA-844A-4CA55D570948}.Release|x64.ActiveCfg = Release|x64
		{8AFAE9AC-93F0-4FBA-844A-4CA55D570948}.Release|x64.Build.0 = Release|x64
		{B42D2C50-5D28-43C9-BAB2-7EC1DF6096ED}.Debug|x64.ActiveCfg = Debug|x64
		{B42D2C50-5D28-43C9-BAB2-7EC1DF6096ED}.Debug|x64.Build.0 = Debug|x64
		{B42D2C50-5D28-43C9-BAB2-7EC1DF6096ED}.Release|x64.ActiveCfg = Release|x64
		{B42D2C50-5D28-43C9-BAB2-7EC1DF6096ED}.Release|x64.Build.0 = Release|x64
		{069BC4AA-B2EA-4400-BCDE-8A6AC793DA33}.Debug|x64.ActiveCfg = Debug|x64
		{069BC4AA-B2EA-4400-BCDE-8A6AC793DA33}.Debug|x64.Build.0 = Debug|x64
		{069BC4AA-B2EA-4400-BCDE-8A6AC793DA33}.Release|x64.ActiveCfg = Release|x64
		{069BC4AA-B2EA-4400-BCDE-8A6AC793DA33}.Release|x64.Build.0 = Release|x64
		{7633DB4D-C143-46A8-9B3E-6D4063D08831}.Debug|x64.ActiveCfg = Debug|x64
		{7633DB4D-C143-46A8-9B3E-6D4063D08831}.Debug|x64.Build.0 = Debug|x64
		{7633DB4D-C143-46A8-9B3E-6D4063D08831}.Release|x64.ActiveCfg = Release|x64
		{7633DB4D-C143-46A8-9B3E-6D4063D08831}.Release|x64.Build.0 = Release|x64
	EndGlobalSection
	GlobalSection(SolutionProperties) = preSolution
		HideSolutionNode = FALSE
	EndGlobalSection
	GlobalSection(ExtensibilityGlobals) = postSolution
		SolutionGuid = {2673A69A-8013-4237-841E-56D8319F9D86}
	EndGlobalSection
EndGlobal
